
Microsoft Visual Studio Solution File, Format Version 12.00
# Visual Studio Version 16
VisualStudioVersion = 16.0.29306.81
MinimumVisualStudioVersion = 10.0.40219.1
Project("{9A19103F-16F7-4668-BE54-9A1E7A4F7556}") = "RabbitMQ.Sender", "RabbitMQ\RabbitMQ.Sender.csproj", "{6C8C8FB8-4073-4487-B1B9-AF71B75EB15D}"
EndProject
Project("{9A19103F-16F7-4668-BE54-9A1E7A4F7556}") = "RabbitMQ.Reciever", "RabbitMQ.Recieve\RabbitMQ.Reciever.csproj", "{B6432121-42B4-49E8-9807-E4055569D560}"
EndProject
Global
	GlobalSection(SolutionConfigurationPlatforms) = preSolution
		Debug|Any CPU = Debug|Any CPU
		Release|Any CPU = Release|Any CPU
	EndGlobalSection
	GlobalSection(ProjectConfigurationPlatforms) = postSolution
		{6C8C8FB8-4073-4487-B1B9-AF71B75EB15D}.Debug|Any CPU.ActiveCfg = Debug|Any CPU
		{6C8C8FB8-4073-4487-B1B9-AF71B75EB15D}.Debug|Any CPU.Build.0 = Debug|Any CPU
		{6C8C8FB8-4073-4487-B1B9-AF71B75EB15D}.Release|Any CPU.ActiveCfg = Release|Any CPU
		{6C8C8FB8-4073-4487-B1B9-AF71B75EB15D}.Release|Any CPU.Build.0 = Release|Any CPU
		{B6432121-42B4-49E8-9807-E4055569D560}.Debug|Any CPU.ActiveCfg = Debug|Any CPU
		{B6432121-42B4-49E8-9807-E4055569D560}.Debug|Any CPU.Build.0 = Debug|Any CPU
		{B6432121-42B4-49E8-9807-E4055569D560}.Release|Any CPU.ActiveCfg = Release|Any CPU
		{B6432121-42B4-49E8-9807-E4055569D560}.Release|Any CPU.Build.0 = Release|Any CPU
	EndGlobalSection
	GlobalSection(SolutionProperties) = preSolution
		HideSolutionNode = FALSE
	EndGlobalSection
	GlobalSection(ExtensibilityGlobals) = postSolution
		SolutionGuid = {282B47DA-D2F8-49DB-843A-1E03FEC706C1}
	EndGlobalSection
EndGlobal
